
Microsoft Visual Studio Solution File, Format Version 12.00
# Visual Studio Version 17
VisualStudioVersion = 17.8.34309.116
MinimumVisualStudioVersion = 10.0.40219.1
Project("{9A19103F-16F7-4668-BE54-9A1E7A4F7556}") = "ExpenseTracker", "ExpenseTracker.csproj", "{4792E28B-6F29-42EC-B7EC-249AD38150CF}"
EndProject
Global
	GlobalSection(SolutionConfigurationPlatforms) = preSolution
		Debug|Any CPU = Debug|Any CPU
		Release|Any CPU = Release|Any CPU
	EndGlobalSection
	GlobalSection(ProjectConfigurationPlatforms) = postSolution
		{4792E28B-6F29-42EC-B7EC-249AD38150CF}.Debug|Any CPU.ActiveCfg = Debug|Any CPU
		{4792E28B-6F29-42EC-B7EC-249AD38150CF}.Debug|Any CPU.Build.0 = Debug|Any CPU
		{4792E28B-6F29-42EC-B7EC-249AD38150CF}.Release|Any CPU.ActiveCfg = Release|Any CPU
		{4792E28B-6F29-42EC-B7EC-249AD38150CF}.Release|Any CPU.Build.0 = Release|Any CPU
	EndGlobalSection
	GlobalSection(SolutionProperties) = preSolution
		HideSolutionNode = FALSE
	EndGlobalSection
	GlobalSection(ExtensibilityGlobals) = postSolution
		SolutionGuid = {3CC723E6-3B51-43CE-8B39-A22C52EC31AE}
	EndGlobalSection
EndGlobal
